
Microsoft Visual Studio Solution File, Format Version 12.00
# Visual Studio Version 16
VisualStudioVersion = 16.0.29905.134
MinimumVisualStudioVersion = 10.0.40219.1
Project("{888888A0-9F3D-457C-B088-3A5042F75D52}") = "Blinkist-Task", "Blinkist-Task.pyproj", "{BCE65339-BD98-4AB7-99FC-492611795237}"
EndProject
Global
	GlobalSection(SolutionConfigurationPlatforms) = preSolution
		Debug|Any CPU = Debug|Any CPU
		Release|Any CPU = Release|Any CPU
	EndGlobalSection
	GlobalSection(ProjectConfigurationPlatforms) = postSolution
		{BCE65339-BD98-4AB7-99FC-492611795237}.Debug|Any CPU.ActiveCfg = Debug|Any CPU
		{BCE65339-BD98-4AB7-99FC-492611795237}.Release|Any CPU.ActiveCfg = Release|Any CPU
	EndGlobalSection
	GlobalSection(SolutionProperties) = preSolution
		HideSolutionNode = FALSE
	EndGlobalSection
	GlobalSection(ExtensibilityGlobals) = postSolution
		SolutionGuid = {2A77B583-6D7A-4639-8754-4111097EC576}
	EndGlobalSection
EndGlobal
